
Microsoft Visual Studio Solution File, Format Version 12.00
# Visual Studio Version 16
VisualStudioVersion = 16.0.31829.152
MinimumVisualStudioVersion = 10.0.40219.1
Project("{FAE04EC0-301F-11D3-BF4B-00C04F79EFBC}") = "Rot", "Rot.csproj", "{81233DE1-BC77-4FB9-AB91-A1112AF25C3C}"
EndProject
Global
	GlobalSection(SolutionConfigurationPlatforms) = preSolution
		Debug|Any CPU = Debug|Any CPU
		Release|Any CPU = Release|Any CPU
	EndGlobalSection
	GlobalSection(ProjectConfigurationPlatforms) = postSolution
		{81233DE1-BC77-4FB9-AB91-A1112AF25C3C}.Debug|Any CPU.ActiveCfg = Debug|Any CPU
		{81233DE1-BC77-4FB9-AB91-A1112AF25C3C}.Debug|Any CPU.Build.0 = Debug|Any CPU
		{81233DE1-BC77-4FB9-AB91-A1112AF25C3C}.Release|Any CPU.ActiveCfg = Release|Any CPU
		{81233DE1-BC77-4FB9-AB91-A1112AF25C3C}.Release|Any CPU.Build.0 = Release|Any CPU
	EndGlobalSection
	GlobalSection(SolutionProperties) = preSolution
		HideSolutionNode = FALSE
	EndGlobalSection
	GlobalSection(ExtensibilityGlobals) = postSolution
		SolutionGuid = {D68617FE-0DFA-48A7-9A2B-7F75113D788F}
	EndGlobalSection
EndGlobal
